
Microsoft Visual Studio Solution File, Format Version 12.00
# Visual Studio Version 16
VisualStudioVersion = 16.0.31112.23
MinimumVisualStudioVersion = 10.0.40219.1
Project("{9A19103F-16F7-4668-BE54-9A1E7A4F7556}") = "Igreja", "Igreja\Igreja.csproj", "{D4217781-16AA-4126-8C8F-49B6685645AE}"
EndProject
Project("{9A19103F-16F7-4668-BE54-9A1E7A4F7556}") = "Igreja.Core", "Igreja.Core\Igreja.Core.csproj", "{AB7A030C-D6F0-4528-A320-8721DD567CA9}"
EndProject
Project("{2150E333-8FDC-42A3-9474-1A3956D46DE8}") = "Test", "Test", "{D42968CC-4033-4A76-AF56-F34395D29B93}"
EndProject
Project("{2150E333-8FDC-42A3-9474-1A3956D46DE8}") = "WebApp", "WebApp", "{7D1CCC5D-9894-45D5-9E18-F78E0316163C}"
EndProject
Project("{9A19103F-16F7-4668-BE54-9A1E7A4F7556}") = "Igreja.Domain", "Igreja.Domain\Igreja.Domain.csproj", "{57428587-B6A1-4EA0-8313-F9604F9AA319}"
EndProject
Project("{2150E333-8FDC-42A3-9474-1A3956D46DE8}") = "Cadastro", "Cadastro", "{60B59E7A-D217-4376-B06A-259A3F386D95}"
EndProject
Project("{2150E333-8FDC-42A3-9474-1A3956D46DE8}") = "Services", "Services", "{1B4124EC-C6B5-420D-9C96-CE31C118BEED}"
EndProject
Project("{9A19103F-16F7-4668-BE54-9A1E7A4F7556}") = "Igreja.Infraestructure", "Igreja.Infraestructure\Igreja.Infraestructure.csproj", "{BD389567-94F4-4F50-ADEA-6983602F9D0A}"
EndProject
Project("{9A19103F-16F7-4668-BE54-9A1E7A4F7556}") = "Igreja.Application", "Igreja.Application\Igreja.Application.csproj", "{589FF8A5-3B87-48CC-9A1E-B39F529531CC}"
EndProject
Project("{2150E333-8FDC-42A3-9474-1A3956D46DE8}") = "Core", "Core", "{98B5FBCC-A70E-4740-8313-98E7DF58D595}"
EndProject
Project("{9A19103F-16F7-4668-BE54-9A1E7A4F7556}") = "Igreja.Teste.Unidade", "Igreja.Teste.Unidade\Igreja.Teste.Unidade.csproj", "{ABE68FF1-9673-458A-84FA-A364187189E4}"
EndProject
Project("{9A19103F-16F7-4668-BE54-9A1E7A4F7556}") = "Igreja.Teste.Integracao", "Igreja.Teste.Integracao\Igreja.Teste.Integracao.csproj", "{854F1C69-5347-4DA3-870F-65DD4DA32695}"
EndProject
Project("{FAE04EC0-301F-11D3-BF4B-00C04F79EFBC}") = "Igreja.Service.Abstract", "Igreja.Service.Abstract\Igreja.Service.Abstract.csproj", "{8825D73B-30CA-4324-9C10-29553F1E2C2A}"
EndProject
Project("{FAE04EC0-301F-11D3-BF4B-00C04F79EFBC}") = "Igreja.Repositorie.Abastract", "Igreja.Repositorie.Abastract\Igreja.Repositorie.Abastract.csproj", "{79764A8B-6446-476D-AFB8-21E3A6BF0FA1}"
EndProject
Global
	GlobalSection(SolutionConfigurationPlatforms) = preSolution
		Debug|Any CPU = Debug|Any CPU
		Release|Any CPU = Release|Any CPU
	EndGlobalSection
	GlobalSection(ProjectConfigurationPlatforms) = postSolution
		{D4217781-16AA-4126-8C8F-49B6685645AE}.Debug|Any CPU.ActiveCfg = Debug|Any CPU
		{D4217781-16AA-4126-8C8F-49B6685645AE}.Debug|Any CPU.Build.0 = Debug|Any CPU
		{D4217781-16AA-4126-8C8F-49B6685645AE}.Release|Any CPU.ActiveCfg = Release|Any CPU
		{D4217781-16AA-4126-8C8F-49B6685645AE}.Release|Any CPU.Build.0 = Release|Any CPU
		{AB7A030C-D6F0-4528-A320-8721DD567CA9}.Debug|Any CPU.ActiveCfg = Debug|Any CPU
		{AB7A030C-D6F0-4528-A320-8721DD567CA9}.Debug|Any CPU.Build.0 = Debug|Any CPU
		{AB7A030C-D6F0-4528-A320-8721DD567CA9}.Release|Any CPU.ActiveCfg = Release|Any CPU
		{AB7A030C-D6F0-4528-A320-8721DD567CA9}.Release|Any CPU.Build.0 = Release|Any CPU
		{57428587-B6A1-4EA0-8313-F9604F9AA319}.Debug|Any CPU.ActiveCfg = Debug|Any CPU
		{57428587-B6A1-4EA0-8313-F9604F9AA319}.Debug|Any CPU.Build.0 = Debug|Any CPU
		{57428587-B6A1-4EA0-8313-F9604F9AA319}.Release|Any CPU.ActiveCfg = Release|Any CPU
		{57428587-B6A1-4EA0-8313-F9604F9AA319}.Release|Any CPU.Build.0 = Release|Any CPU
		{BD389567-94F4-4F50-ADEA-6983602F9D0A}.Debug|Any CPU.ActiveCfg = Debug|Any CPU
		{BD389567-94F4-4F50-ADEA-6983602F9D0A}.Debug|Any CPU.Build.0 = Debug|Any CPU
		{BD389567-94F4-4F50-ADEA-6983602F9D0A}.Release|Any CPU.ActiveCfg = Release|Any CPU
		{BD389567-94F4-4F50-ADEA-6983602F9D0A}.Release|Any CPU.Build.0 = Release|Any CPU
		{589FF8A5-3B87-48CC-9A1E-B39F529531CC}.Debug|Any CPU.ActiveCfg = Debug|Any CPU
		{589FF8A5-3B87-48CC-9A1E-B39F529531CC}.Debug|Any CPU.Build.0 = Debug|Any CPU
		{589FF8A5-3B87-48CC-9A1E-B39F529531CC}.Release|Any CPU.ActiveCfg = Release|Any CPU
		{589FF8A5-3B87-48CC-9A1E-B39F529531CC}.Release|Any CPU.Build.0 = Release|Any CPU
		{ABE68FF1-9673-458A-84FA-A364187189E4}.Debug|Any CPU.ActiveCfg = Debug|Any CPU
		{ABE68FF1-9673-458A-84FA-A364187189E4}.Debug|Any CPU.Build.0 = Debug|Any CPU
		{ABE68FF1-9673-458A-84FA-A364187189E4}.Release|Any CPU.ActiveCfg = Release|Any CPU
		{ABE68FF1-9673-458A-84FA-A364187189E4}.Release|Any CPU.Build.0 = Release|Any CPU
		{854F1C69-5347-4DA3-870F-65DD4DA32695}.Debug|Any CPU.ActiveCfg = Debug|Any CPU
		{854F1C69-5347-4DA3-870F-65DD4DA32695}.Debug|Any CPU.Build.0 = Debug|Any CPU
		{854F1C69-5347-4DA3-870F-65DD4DA32695}.Release|Any CPU.ActiveCfg = Release|Any CPU
		{854F1C69-5347-4DA3-870F-65DD4DA32695}.Release|Any CPU.Build.0 = Release|Any CPU
		{8825D73B-30CA-4324-9C10-29553F1E2C2A}.Debug|Any CPU.ActiveCfg = Debug|Any CPU
		{8825D73B-30CA-4324-9C10-29553F1E2C2A}.Debug|Any CPU.Build.0 = Debug|Any CPU
		{8825D73B-30CA-4324-9C10-29553F1E2C2A}.Release|Any CPU.ActiveCfg = Release|Any CPU
		{8825D73B-30CA-4324-9C10-29553F1E2C2A}.Release|Any CPU.Build.0 = Release|Any CPU
		{79764A8B-6446-476D-AFB8-21E3A6BF0FA1}.Debug|Any CPU.ActiveCfg = Debug|Any CPU
		{79764A8B-6446-476D-AFB8-21E3A6BF0FA1}.Debug|Any CPU.Build.0 = Debug|Any CPU
		{79764A8B-6446-476D-AFB8-21E3A6BF0FA1}.Release|Any CPU.ActiveCfg = Release|Any CPU
		{79764A8B-6446-476D-AFB8-21E3A6BF0FA1}.Release|Any CPU.Build.0 = Release|Any CPU
	EndGlobalSection
	GlobalSection(SolutionProperties) = preSolution
		HideSolutionNode = FALSE
	EndGlobalSection
	GlobalSection(NestedProjects) = preSolution
		{D4217781-16AA-4126-8C8F-49B6685645AE} = {7D1CCC5D-9894-45D5-9E18-F78E0316163C}
		{AB7A030C-D6F0-4528-A320-8721DD567CA9} = {98B5FBCC-A70E-4740-8313-98E7DF58D595}
		{D42968CC-4033-4A76-AF56-F34395D29B93} = {60B59E7A-D217-4376-B06A-259A3F386D95}
		{57428587-B6A1-4EA0-8313-F9604F9AA319} = {60B59E7A-D217-4376-B06A-259A3F386D95}
		{60B59E7A-D217-4376-B06A-259A3F386D95} = {1B4124EC-C6B5-420D-9C96-CE31C118BEED}
		{BD389567-94F4-4F50-ADEA-6983602F9D0A} = {60B59E7A-D217-4376-B06A-259A3F386D95}
		{589FF8A5-3B87-48CC-9A1E-B39F529531CC} = {60B59E7A-D217-4376-B06A-259A3F386D95}
		{98B5FBCC-A70E-4740-8313-98E7DF58D595} = {1B4124EC-C6B5-420D-9C96-CE31C118BEED}
		{ABE68FF1-9673-458A-84FA-A364187189E4} = {D42968CC-4033-4A76-AF56-F34395D29B93}
		{854F1C69-5347-4DA3-870F-65DD4DA32695} = {D42968CC-4033-4A76-AF56-F34395D29B93}
		{8825D73B-30CA-4324-9C10-29553F1E2C2A} = {60B59E7A-D217-4376-B06A-259A3F386D95}
		{79764A8B-6446-476D-AFB8-21E3A6BF0FA1} = {60B59E7A-D217-4376-B06A-259A3F386D95}
	EndGlobalSection
	GlobalSection(ExtensibilityGlobals) = postSolution
		SolutionGuid = {04D5BFB0-55D7-421A-9EED-9A0447154220}
	EndGlobalSection
EndGlobal
